
Microsoft Visual Studio Solution File, Format Version 12.00
# Visual Studio Version 17
VisualStudioVersion = 17.0.32014.148
MinimumVisualStudioVersion = 10.0.40219.1
Project("{8BC9CEB8-8B4A-11D0-8D11-00A0C91BC942}") = "main", "main\main.vcxproj", "{5CAB1BC8-62F6-4E45-9FA9-A3D85A6860F6}"
EndProject
Project("{8BC9CEB8-8B4A-11D0-8D11-00A0C91BC942}") = "DLS", "DLS\DLS.vcxproj", "{F4A64A07-4DF4-4D69-81AA-323EF2A852CD}"
EndProject
Project("{8BC9CEB8-8B4A-11D0-8D11-00A0C91BC942}") = "DLSTests", "DLSTests\DLSTests.vcxproj", "{0304F1CF-70D6-483A-84D4-9C905F5B30DB}"
EndProject
Global
	GlobalSection(SolutionConfigurationPlatforms) = preSolution
		Debug|x64 = Debug|x64
		Debug|x86 = Debug|x86
		Release|x64 = Release|x64
		Release|x86 = Release|x86
	EndGlobalSection
	GlobalSection(ProjectConfigurationPlatforms) = postSolution
		{5CAB1BC8-62F6-4E45-9FA9-A3D85A6860F6}.Debug|x64.ActiveCfg = Debug|x64
		{5CAB1BC8-62F6-4E45-9FA9-A3D85A6860F6}.Debug|x64.Build.0 = Debug|x64
		{5CAB1BC8-62F6-4E45-9FA9-A3D85A6860F6}.Debug|x86.ActiveCfg = Debug|Win32
		{5CAB1BC8-62F6-4E45-9FA9-A3D85A6860F6}.Debug|x86.Build.0 = Debug|Win32
		{5CAB1BC8-62F6-4E45-9FA9-A3D85A6860F6}.Release|x64.ActiveCfg = Release|x64
		{5CAB1BC8-62F6-4E45-9FA9-A3D85A6860F6}.Release|x64.Build.0 = Release|x64
		{5CAB1BC8-62F6-4E45-9FA9-A3D85A6860F6}.Release|x86.ActiveCfg = Release|Win32
		{5CAB1BC8-62F6-4E45-9FA9-A3D85A6860F6}.Release|x86.Build.0 = Release|Win32
		{F4A64A07-4DF4-4D69-81AA-323EF2A852CD}.Debug|x64.ActiveCfg = Debug|x64
		{F4A64A07-4DF4-4D69-81AA-323EF2A852CD}.Debug|x64.Build.0 = Debug|x64
		{F4A64A07-4DF4-4D69-81AA-323EF2A852CD}.Debug|x86.ActiveCfg = Debug|Win32
		{F4A64A07-4DF4-4D69-81AA-323EF2A852CD}.Debug|x86.Build.0 = Debug|Win32
		{F4A64A07-4DF4-4D69-81AA-323EF2A852CD}.Release|x64.ActiveCfg = Release|x64
		{F4A64A07-4DF4-4D69-81AA-323EF2A852CD}.Release|x64.Build.0 = Release|x64
		{F4A64A07-4DF4-4D69-81AA-323EF2A852CD}.Release|x86.ActiveCfg = Release|Win32
		{F4A64A07-4DF4-4D69-81AA-323EF2A852CD}.Release|x86.Build.0 = Release|Win32
		{0304F1CF-70D6-483A-84D4-9C905F5B30DB}.Debug|x64.ActiveCfg = Debug|x64
		{0304F1CF-70D6-483A-84D4-9C905F5B30DB}.Debug|x64.Build.0 = Debug|x64
		{0304F1CF-70D6-483A-84D4-9C905F5B30DB}.Debug|x86.ActiveCfg = Debug|Win32
		{0304F1CF-70D6-483A-84D4-9C905F5B30DB}.Debug|x86.Build.0 = Debug|Win32
		{0304F1CF-70D6-483A-84D4-9C905F5B30DB}.Release|x64.ActiveCfg = Release|x64
		{0304F1CF-70D6-483A-84D4-9C905F5B30DB}.Release|x64.Build.0 = Release|x64
		{0304F1CF-70D6-483A-84D4-9C905F5B30DB}.Release|x86.ActiveCfg = Release|Win32
		{0304F1CF-70D6-483A-84D4-9C905F5B30DB}.Release|x86.Build.0 = Release|Win32
	EndGlobalSection
	GlobalSection(SolutionProperties) = preSolution
		HideSolutionNode = FALSE
	EndGlobalSection
	GlobalSection(ExtensibilityGlobals) = postSolution
		SolutionGuid = {48CE640A-F858-4C75-B080-638A6048DF49}
	EndGlobalSection
EndGlobal
